{
  "requires": true,
  "lockfileVersion": 1,
  "dependencies": {
    "toastify-js": {
      "version": "1.11.0",
      "resolved": "https://registry.npmjs.org/toastify-js/-/toastify-js-1.11.0.tgz",
      "integrity": "sha512-N9o4RHy+IxY51C0wO50uJmXDpGHKKf6wRq2q0pfHlpMxRLKreD68L6ZR5BEETd5UCHWcwZa4sLNMV8iO5L+zqQ=="
    }
  }
}
